// !$*UTF8*$!
{
	archiveVersion = 1;
	classes = {
	};
	objectVersion = 50;
	objects = {

/* Begin PBXBuildFile section */
		3D611CF4230745AF00BC8041 /* AppDelegate.swift in Sources */ = {isa = PBXBuildFile; fileRef = 3D611CF3230745AF00BC8041 /* AppDelegate.swift */; };
		3D611CF6230745AF00BC8041 /* ViewController.swift in Sources */ = {isa = PBXBuildFile; fileRef = 3D611CF5230745AF00BC8041 /* ViewController.swift */; };
		3D611CF9230745AF00BC8041 /* Main.storyboard in Resources */ = {isa = PBXBuildFile; fileRef = 3D611CF7230745AF00BC8041 /* Main.storyboard */; };
		3D611CFB230745B000BC8041 /* Assets.xcassets in Resources */ = {isa = PBXBuildFile; fileRef = 3D611CFA230745B000BC8041 /* Assets.xcassets */; };
		3D611CFE230745B000BC8041 /* LaunchScreen.storyboard in Resources */ = {isa = PBXBuildFile; fileRef = 3D611CFC230745B000BC8041 /* LaunchScreen.storyboard */; };
		3D611D09230745B100BC8041 /* SizeClassesTests.swift in Sources */ = {isa = PBXBuildFile; fileRef = 3D611D08230745B100BC8041 /* SizeClassesTests.swift */; };
		3D611D14230745B100BC8041 /* SizeClassesUITests.swift in Sources */ = {isa = PBXBuildFile; fileRef = 3D611D13230745B100BC8041 /* SizeClassesUITests.swift */; };
/* End PBXBuildFile section */

/* Begin PBXContainerItemProxy section */
		3D611D05230745B100BC8041 /* PBXContainerItemProxy */ = {
			isa = PBXContainerItemProxy;
			containerPortal = 3D611CE8230745AF00BC8041 /* Project object */;
			proxyType = 1;
			remoteGlobalIDString = 3D611CEF230745AF00BC8041;
			remoteInfo = SizeClasses;
		};
		3D611D10230745B100BC8041 /* PBXContainerItemProxy */ = {
			isa = PBXContainerItemProxy;
			containerPortal = 3D611CE8230745AF00BC8041 /* Project object */;
			proxyType = 1;
			remoteGlobalIDString = 3D611CEF230745AF00BC8041;
			remoteInfo = SizeClasses;
		};
/* End PBXContainerItemProxy section */

/* Begin PBXFileReference section */
		3D611CF0230745AF00BC8041 /* SizeClasses.app */ = {isa = PBXFileReference; explicitFileType = wrapper.application; includeInIndex = 0; path = SizeClasses.app; sourceTree = BUILT_PRODUCTS_DIR; };
		3D611CF3230745AF00BC8041 /* AppDelegate.swift */ = {isa = PBXFileReference; lastKnownFileType = sourcecode.swift; path = AppDelegate.swift; sourceTree = "<group>"; };
		3D611CF5230745AF00BC8041 /* ViewController.swift */ = {isa = PBXFileReference; lastKnownFileType = sourcecode.swift; path = ViewController.swift; sourceTree = "<group>"; };
		3D611CF8230745AF00BC8041 /* Base */ = {isa = PBXFileReference; lastKnownFileType = file.storyboard; name = Base; path = Base.lproj/Main.storyboard; sourceTree = "<group>"; };
		3D611CFA230745B000BC8041 /* Assets.xcassets */ = {isa = PBXFileReference; lastKnownFileType = folder.assetcatalog; path = Assets.xcassets; sourceTree = "<group>"; };
		3D611CFD230745B000BC8041 /* Base */ = {isa = PBXFileReference; lastKnownFileType = file.storyboard; name = Base; path = Base.lproj/LaunchScreen.storyboard; sourceTree = "<group>"; };
		3D611CFF230745B000BC8041 /* Info.plist */ = {isa = PBXFileReference; lastKnownFileType = text.plist.xml; path = Info.plist; sourceTree = "<group>"; };
		3D611D04230745B100BC8041 /* SizeClassesTests.xctest */ = {isa = PBXFileReference; explicitFileType = wrapper.cfbundle; includeInIndex = 0; path = SizeClassesTests.xctest; sourceTree = BUILT_PRODUCTS_DIR; };
		3D611D08230745B100BC8041 /* SizeClassesTests.swift */ = {isa = PBXFileReference; lastKnownFileType = sourcecode.swift; path = SizeClassesTests.swift; sourceTree = "<group>"; };
		3D611D0A230745B100BC8041 /* Info.plist */ = {isa = PBXFileReference; lastKnownFileType = text.plist.xml; path = Info.plist; sourceTree = "<group>"; };
		3D611D0F230745B100BC8041 /* SizeClassesUITests.xctest */ = {isa = PBXFileReference; explicitFileType = wrapper.cfbundle; includeInIndex = 0; path = SizeClassesUITests.xctest; sourceTree = BUILT_PRODUCTS_DIR; };
		3D611D13230745B100BC8041 /* SizeClassesUITests.swift */ = {isa = PBXFileReference; lastKnownFileType = sourcecode.swift; path = SizeClassesUITests.swift; sourceTree = "<group>"; };
		3D611D15230745B100BC8041 /* Info.plist */ = {isa = PBXFileReference; lastKnownFileType = text.plist.xml; path = Info.plist; sourceTree = "<group>"; };
/* End PBXFileReference section */

/* Begin PBXFrameworksBuildPhase section */
		3D611CED230745AF00BC8041 /* Frameworks */ = {
			isa = PBXFrameworksBuildPhase;
			buildActionMask = 2147483647;
			files = (
			);
			runOnlyForDeploymentPostprocessing = 0;
		};
		3D611D01230745B100BC8041 /* Frameworks */ = {
			isa = PBXFrameworksBuildPhase;
			buildActionMask = 2147483647;
			files = (
			);
			runOnlyForDeploymentPostprocessing = 0;
		};
		3D611D0C230745B100BC8041 /* Frameworks */ = {
			isa = PBXFrameworksBuildPhase;
			buildActionMask = 2147483647;
			files = (
			);
			runOnlyForDeploymentPostprocessing = 0;
		};
/* End PBXFrameworksBuildPhase section */

/* Begin PBXGroup section */
		3D611CE7230745AF00BC8041 = {
			isa = PBXGroup;
			children = (
				3D611CF2230745AF00BC8041 /* SizeClasses */,
				3D611D07230745B100BC8041 /* SizeClassesTests */,
				3D611D12230745B100BC8041 /* SizeClassesUITests */,
				3D611CF1230745AF00BC8041 /* Products */,
			);
			sourceTree = "<group>";
		};
		3D611CF1230745AF00BC8041 /* Products */ = {
			isa = PBXGroup;
			children = (
				3D611CF0230745AF00BC8041 /* SizeClasses.app */,
				3D611D04230745B100BC8041 /* SizeClassesTests.xctest */,
				3D611D0F230745B100BC8041 /* SizeClassesUITests.xctest */,
			);
			name = Products;
			sourceTree = "<group>";
		};
		3D611CF2230745AF00BC8041 /* SizeClasses */ = {
			isa = PBXGroup;
			children = (
				3D611CF3230745AF00BC8041 /* AppDelegate.swift */,
				3D611CF5230745AF00BC8041 /* ViewController.swift */,
				3D611CF7230745AF00BC8041 /* Main.storyboard */,
				3D611CFA230745B000BC8041 /* Assets.xcassets */,
				3D611CFC230745B000BC8041 /* LaunchScreen.storyboard */,
				3D611CFF230745B000BC8041 /* Info.plist */,
			);
			path = SizeClasses;
			sourceTree = "<group>";
		};
		3D611D07230745B100BC8041 /* SizeClassesTests */ = {
			isa = PBXGroup;
			children = (
				3D611D08230745B100BC8041 /* SizeClassesTests.swift */,
				3D611D0A230745B100BC8041 /* Info.plist */,
			);
			path = SizeClassesTests;
			sourceTree = "<group>";
		};
		3D611D12230745B100BC8041 /* SizeClassesUITests */ = {
			isa = PBXGroup;
			children = (
				3D611D13230745B100BC8041 /* SizeClassesUITests.swift */,
				3D611D15230745B100BC8041 /* Info.plist */,
			);
			path = SizeClassesUITests;
			sourceTree = "<group>";
		};
/* End PBXGroup section */

/* Begin PBXNativeTarget section */
		3D611CEF230745AF00BC8041 /* SizeClasses */ = {
			isa = PBXNativeTarget;
			buildConfigurationList = 3D611D18230745B100BC8041 /* Build configuration list for PBXNativeTarget "SizeClasses" */;
			buildPhases = (
				3D611CEC230745AF00BC8041 /* Sources */,
				3D611CED230745AF00BC8041 /* Frameworks */,
				3D611CEE230745AF00BC8041 /* Resources */,
			);
			buildRules = (
			);
			dependencies = (
			);
			name = SizeClasses;
			productName = SizeClasses;
			productReference = 3D611CF0230745AF00BC8041 /* SizeClasses.app */;
			productType = "com.apple.product-type.application";
		};
		3D611D03230745B100BC8041 /* SizeClassesTests */ = {
			isa = PBXNativeTarget;
			buildConfigurationList = 3D611D1B230745B100BC8041 /* Build configuration list for PBXNativeTarget "SizeClassesTests" */;
			buildPhases = (
				3D611D00230745B100BC8041 /* Sources */,
				3D611D01230745B100BC8041 /* Frameworks */,
				3D611D02230745B100BC8041 /* Resources */,
			);
			buildRules = (
			);
			dependencies = (
				3D611D06230745B100BC8041 /* PBXTargetDependency */,
			);
			name = SizeClassesTests;
			productName = SizeClassesTests;
			productReference = 3D611D04230745B100BC8041 /* SizeClassesTests.xctest */;
			productType = "com.apple.product-type.bundle.unit-test";
		};
		3D611D0E230745B100BC8041 /* SizeClassesUITests */ = {
			isa = PBXNativeTarget;
			buildConfigurationList = 3D611D1E230745B100BC8041 /* Build configuration list for PBXNativeTarget "SizeClassesUITests" */;
			buildPhases = (
				3D611D0B230745B100BC8041 /* Sources */,
				3D611D0C230745B100BC8041 /* Frameworks */,
				3D611D0D230745B100BC8041 /* Resources */,
			);
			buildRules = (
			);
			dependencies = (
				3D611D11230745B100BC8041 /* PBXTargetDependency */,
			);
			name = SizeClassesUITests;
			productName = SizeClassesUITests;
			productReference = 3D611D0F230745B100BC8041 /* SizeClassesUITests.xctest */;
			productType = "com.apple.product-type.bundle.ui-testing";
		};
/* End PBXNativeTarget section */

/* Begin PBXProject section */
		3D611CE8230745AF00BC8041 /* Project object */ = {
			isa = PBXProject;
			attributes = {
				LastSwiftUpdateCheck = 0940;
				LastUpgradeCheck = 0940;
				ORGANIZATIONNAME = Alumno;
				TargetAttributes = {
					3D611CEF230745AF00BC8041 = {
						CreatedOnToolsVersion = 9.4.1;
					};
					3D611D03230745B100BC8041 = {
						CreatedOnToolsVersion = 9.4.1;
						TestTargetID = 3D611CEF230745AF00BC8041;
					};
					3D611D0E230745B100BC8041 = {
						CreatedOnToolsVersion = 9.4.1;
						TestTargetID = 3D611CEF230745AF00BC8041;
					};
				};
			};
			buildConfigurationList = 3D611CEB230745AF00BC8041 /* Build configuration list for PBXProject "SizeClasses" */;
			compatibilityVersion = "Xcode 9.3";
			developmentRegion = en;
			hasScannedForEncodings = 0;
			knownRegions = (
				en,
				Base,
			);
			mainGroup = 3D611CE7230745AF00BC8041;
			productRefGroup = 3D611CF1230745AF00BC8041 /* Products */;
			projectDirPath = "";
			projectRoot = "";
			targets = (
				3D611CEF230745AF00BC8041 /* SizeClasses */,
				3D611D03230745B100BC8041 /* SizeClassesTests */,
				3D611D0E230745B100BC8041 /* SizeClassesUITests */,
			);
		};
/* End PBXProject section */

/* Begin PBXResourcesBuildPhase section */
		3D611CEE230745AF00BC8041 /* Resources */ = {
			isa = PBXResourcesBuildPhase;
			buildActionMask = 2147483647;
			files = (
				3D611CFE230745B000BC8041 /* LaunchScreen.storyboard in Resources */,
				3D611CFB230745B000BC8041 /* Assets.xcassets in Resources */,
				3D611CF9230745AF00BC8041 /* Main.storyboard in Resources */,
			);
			runOnlyForDeploymentPostprocessing = 0;
		};
		3D611D02230745B100BC8041 /* Resources */ = {
			isa = PBXResourcesBuildPhase;
			buildActionMask = 2147483647;
			files = (
			);
			runOnlyForDeploymentPostprocessing = 0;
		};
		3D611D0D230745B100BC8041 /* Resources */ = {
			isa = PBXResourcesBuildPhase;
			buildActionMask = 2147483647;
			files = (
			);
			runOnlyForDeploymentPostprocessing = 0;
		};
/* End PBXResourcesBuildPhase section */

/* Begin PBXSourcesBuildPhase section */
		3D611CEC230745AF00BC8041 /* Sources */ = {
			isa = PBXSourcesBuildPhase;
			buildActionMask = 2147483647;
			files = (
				3D611CF6230745AF00BC8041 /* ViewController.swift in Sources */,
				3D611CF4230745AF00BC8041 /* AppDelegate.swift in Sources */,
			);
			runOnlyForDeploymentPostprocessing = 0;
		};
		3D611D00230745B100BC8041 /* Sources */ = {
			isa = PBXSourcesBuildPhase;
			buildActionMask = 2147483647;
			files = (
				3D611D09230745B100BC8041 /* SizeClassesTests.swift in Sources */,
			);
			runOnlyForDeploymentPostprocessing = 0;
		};
		3D611D0B230745B100BC8041 /* Sources */ = {
			isa = PBXSourcesBuildPhase;
			buildActionMask = 2147483647;
			files = (
				3D611D14230745B100BC8041 /* SizeClassesUITests.swift in Sources */,
			);
			runOnlyForDeploymentPostprocessing = 0;
		};
/* End PBXSourcesBuildPhase section */

/* Begin PBXTargetDependency section */
		3D611D06230745B100BC8041 /* PBXTargetDependency */ = {
			isa = PBXTargetDependency;
			target = 3D611CEF230745AF00BC8041 /* SizeClasses */;
			targetProxy = 3D611D05230745B100BC8041 /* PBXContainerItemProxy */;
		};
		3D611D11230745B100BC8041 /* PBXTargetDependency */ = {
			isa = PBXTargetDependency;
			target = 3D611CEF230745AF00BC8041 /* SizeClasses */;
			targetProxy = 3D611D10230745B100BC8041 /* PBXContainerItemProxy */;
		};
/* End PBXTargetDependency section */

/* Begin PBXVariantGroup section */
		3D611CF7230745AF00BC8041 /* Main.storyboard */ = {
			isa = PBXVariantGroup;
			children = (
				3D611CF8230745AF00BC8041 /* Base */,
			);
			name = Main.storyboard;
			sourceTree = "<group>";
		};
		3D611CFC230745B000BC8041 /* LaunchScreen.storyboard */ = {
			isa = PBXVariantGroup;
			children = (
				3D611CFD230745B000BC8041 /* Base */,
			);
			name = LaunchScreen.storyboard;
			sourceTree = "<group>";
		};
/* End PBXVariantGroup section */

/* Begin XCBuildConfiguration section */
		3D611D16230745B100BC8041 /* Debug */ = {
			isa = XCBuildConfiguration;
			buildSettings = {
				ALWAYS_SEARCH_USER_PATHS = NO;
				CLANG_ANALYZER_NONNULL = YES;
				CLANG_ANALYZER_NUMBER_OBJECT_CONVERSION = YES_AGGRESSIVE;
				CLANG_CXX_LANGUAGE_STANDARD = "gnu++14";
				CLANG_CXX_LIBRARY = "libc++";
				CLANG_ENABLE_MODULES = YES;
				CLANG_ENABLE_OBJC_ARC = YES;
				CLANG_ENABLE_OBJC_WEAK = YES;
				CLANG_WARN_BLOCK_CAPTURE_AUTORELEASING = YES;
				CLANG_WARN_BOOL_CONVERSION = YES;
				CLANG_WARN_COMMA = YES;
				CLANG_WARN_CONSTANT_CONVERSION = YES;
				CLANG_WARN_DEPRECATED_OBJC_IMPLEMENTATIONS = YES;
				CLANG_WARN_DIRECT_OBJC_ISA_USAGE = YES_ERROR;
				CLANG_WARN_DOCUMENTATION_COMMENTS = YES;
				CLANG_WARN_EMPTY_BODY = YES;
				CLANG_WARN_ENUM_CONVERSION = YES;
				CLANG_WARN_INFINITE_RECURSION = YES;
				CLANG_WARN_INT_CONVERSION = YES;
				CLANG_WARN_NON_LITERAL_NULL_CONVERSION = YES;
				CLANG_WARN_OBJC_IMPLICIT_RETAIN_SELF = YES;
				CLANG_WARN_OBJC_LITERAL_CONVERSION = YES;
				CLANG_WARN_OBJC_ROOT_CLASS = YES_ERROR;
				CLANG_WARN_RANGE_LOOP_ANALYSIS = YES;
				CLANG_WARN_STRICT_PROTOTYPES = YES;
				CLANG_WARN_SUSPICIOUS_MOVE = YES;
				CLANG_WARN_UNGUARDED_AVAILABILITY = YES_AGGRESSIVE;
				CLANG_WARN_UNREACHABLE_CODE = YES;
				CLANG_WARN__DUPLICATE_METHOD_MATCH = YES;
				CODE_SIGN_IDENTITY = "iPhone Developer";
				COPY_PHASE_STRIP = NO;
				DEBUG_INFORMATION_FORMAT = dwarf;
				ENABLE_STRICT_OBJC_MSGSEND = YES;
				ENABLE_TESTABILITY = YES;
				GCC_C_LANGUAGE_STANDARD = gnu11;
				GCC_DYNAMIC_NO_PIC = NO;
				GCC_NO_COMMON_BLOCKS = YES;
				GCC_OPTIMIZATION_LEVEL = 0;
				GCC_PREPROCESSOR_DEFINITIONS = (
					"DEBUG=1",
					"$(inherited)",
				);
				GCC_WARN_64_TO_32_BIT_CONVERSION = YES;
				GCC_WARN_ABOUT_RETURN_TYPE = YES_ERROR;
				GCC_WARN_UNDECLARED_SELECTOR = YES;
				GCC_WARN_UNINITIALIZED_AUTOS = YES_AGGRESSIVE;
				GCC_WARN_UNUSED_FUNCTION = YES;
				GCC_WARN_UNUSED_VARIABLE = YES;
				IPHONEOS_DEPLOYMENT_TARGET = 11.4;
				MTL_ENABLE_DEBUG_INFO = YES;
				ONLY_ACTIVE_ARCH = YES;
				SDKROOT = iphoneos;
				SWIFT_ACTIVE_COMPILATION_CONDITIONS = DEBUG;
				SWIFT_OPTIMIZATION_LEVEL = "-Onone";
			};
			name = Debug;
		};
		3D611D17230745B100BC8041 /* Release */ = {
			isa = XCBuildConfiguration;
			buildSettings = {
				ALWAYS_SEARCH_USER_PATHS = NO;
				CLANG_ANALYZER_NONNULL = YES;
				CLANG_ANALYZER_NUMBER_OBJECT_CONVERSION = YES_AGGRESSIVE;
				CLANG_CXX_LANGUAGE_STANDARD = "gnu++14";
				CLANG_CXX_LIBRARY = "libc++";
				CLANG_ENABLE_MODULES = YES;
				CLANG_ENABLE_OBJC_ARC = YES;
				CLANG_ENABLE_OBJC_WEAK = YES;
				CLANG_WARN_BLOCK_CAPTURE_AUTORELEASING = YES;
				CLANG_WARN_BOOL_CONVERSION = YES;
				CLANG_WARN_COMMA = YES;
				CLANG_WARN_CONSTANT_CONVERSION = YES;
				CLANG_WARN_DEPRECATED_OBJC_IMPLEMENTATIONS = YES;
				CLANG_WARN_DIRECT_OBJC_ISA_USAGE = YES_ERROR;
				CLANG_WARN_DOCUMENTATION_COMMENTS = YES;
				CLANG_WARN_EMPTY_BODY = YES;
				CLANG_WARN_ENUM_CONVERSION = YES;
				CLANG_WARN_INFINITE_RECURSION = YES;
				CLANG_WARN_INT_CONVERSION = YES;
				CLANG_WARN_NON_LITERAL_NULL_CONVERSION = YES;
				CLANG_WARN_OBJC_IMPLICIT_RETAIN_SELF = YES;
				CLANG_WARN_OBJC_LITERAL_CONVERSION = YES;
				CLANG_WARN_OBJC_ROOT_CLASS = YES_ERROR;
				CLANG_WARN_RANGE_LOOP_ANALYSIS = YES;
				CLANG_WARN_STRICT_PROTOTYPES = YES;
				CLANG_WARN_SUSPICIOUS_MOVE = YES;
				CLANG_WARN_UNGUARDED_AVAILABILITY = YES_AGGRESSIVE;
				CLANG_WARN_UNREACHABLE_CODE = YES;
				CLANG_WARN__DUPLICATE_METHOD_MATCH = YES;
				CODE_SIGN_IDENTITY = "iPhone Developer";
				COPY_PHASE_STRIP = NO;
				DEBUG_INFORMATION_FORMAT = "dwarf-with-dsym";
				ENABLE_NS_ASSERTIONS = NO;
				ENABLE_STRICT_OBJC_MSGSEND = YES;
				GCC_C_LANGUAGE_STANDARD = gnu11;
				GCC_NO_COMMON_BLOCKS = YES;
				GCC_WARN_64_TO_32_BIT_CONVERSION = YES;
				GCC_WARN_ABOUT_RETURN_TYPE = YES_ERROR;
				GCC_WARN_UNDECLARED_SELECTOR = YES;
				GCC_WARN_UNINITIALIZED_AUTOS = YES_AGGRESSIVE;
				GCC_WARN_UNUSED_FUNCTION = YES;
				GCC_WARN_UNUSED_VARIABLE = YES;
				IPHONEOS_DEPLOYMENT_TARGET = 11.4;
				MTL_ENABLE_DEBUG_INFO = NO;
				SDKROOT = iphoneos;
				SWIFT_COMPILATION_MODE = wholemodule;
				SWIFT_OPTIMIZATION_LEVEL = "-O";
				VALIDATE_PRODUCT = YES;
			};
			name = Release;
		};
		3D611D19230745B100BC8041 /* Debug */ = {
			isa = XCBuildConfiguration;
			buildSettings = {
				ASSETCATALOG_COMPILER_APPICON_NAME = AppIcon;
				CODE_SIGN_STYLE = Automatic;
				INFOPLIST_FILE = SizeClasses/Info.plist;
				LD_RUNPATH_SEARCH_PATHS = (
					"$(inherited)",
					"@executable_path/Frameworks",
				);
				PRODUCT_BUNDLE_IDENTIFIER = edu.ulsa.SizeClasses;
				PRODUCT_NAME = "$(TARGET_NAME)";
				SWIFT_VERSION = 4.0;
				TARGETED_DEVICE_FAMILY = "1,2";
			};
			name = Debug;
		};
		3D611D1A230745B100BC8041 /* Release */ = {
			isa = XCBuildConfiguration;
			buildSettings = {
				ASSETCATALOG_COMPILER_APPICON_NAME = AppIcon;
				CODE_SIGN_STYLE = Automatic;
				INFOPLIST_FILE = SizeClasses/Info.plist;
				LD_RUNPATH_SEARCH_PATHS = (
					"$(inherited)",
					"@executable_path/Frameworks",
				);
				PRODUCT_BUNDLE_IDENTIFIER = edu.ulsa.SizeClasses;
				PRODUCT_NAME = "$(TARGET_NAME)";
				SWIFT_VERSION = 4.0;
				TARGETED_DEVICE_FAMILY = "1,2";
			};
			name = Release;
		};
		3D611D1C230745B100BC8041 /* Debug */ = {
			isa = XCBuildConfiguration;
			buildSettings = {
				ALWAYS_EMBED_SWIFT_STANDARD_LIBRARIES = YES;
				BUNDLE_LOADER = "$(TEST_HOST)";
				CODE_SIGN_STYLE = Automatic;
				INFOPLIST_FILE = SizeClassesTests/Info.plist;
				LD_RUNPATH_SEARCH_PATHS = (
					"$(inherited)",
					"@executable_path/Frameworks",
					"@loader_path/Frameworks",
				);
				PRODUCT_BUNDLE_IDENTIFIER = edu.ulsa.SizeClassesTests;
				PRODUCT_NAME = "$(TARGET_NAME)";
				SWIFT_VERSION = 4.0;
				TARGETED_DEVICE_FAMILY = "1,2";
				TEST_HOST = "$(BUILT_PRODUCTS_DIR)/SizeClasses.app/SizeClasses";
			};
			name = Debug;
		};
		3D611D1D230745B100BC8041 /* Release */ = {
			isa = XCBuildConfiguration;
			buildSettings = {
				ALWAYS_EMBED_SWIFT_STANDARD_LIBRARIES = YES;
				BUNDLE_LOADER = "$(TEST_HOST)";
				CODE_SIGN_STYLE = Automatic;
				INFOPLIST_FILE = SizeClassesTests/Info.plist;
				LD_RUNPATH_SEARCH_PATHS = (
					"$(inherited)",
					"@executable_path/Frameworks",
					"@loader_path/Frameworks",
				);
				PRODUCT_BUNDLE_IDENTIFIER = edu.ulsa.SizeClassesTests;
				PRODUCT_NAME = "$(TARGET_NAME)";
				SWIFT_VERSION = 4.0;
				TARGETED_DEVICE_FAMILY = "1,2";
				TEST_HOST = "$(BUILT_PRODUCTS_DIR)/SizeClasses.app/SizeClasses";
			};
			name = Release;
		};
		3D611D1F230745B100BC8041 /* Debug */ = {
			isa = XCBuildConfiguration;
			buildSettings = {
				ALWAYS_EMBED_SWIFT_STANDARD_LIBRARIES = YES;
				CODE_SIGN_STYLE = Automatic;
				INFOPLIST_FILE = SizeClassesUITests/Info.plist;
				LD_RUNPATH_SEARCH_PATHS = (
					"$(inherited)",
					"@executable_path/Frameworks",
					"@loader_path/Frameworks",
				);
				PRODUCT_BUNDLE_IDENTIFIER = edu.ulsa.SizeClassesUITests;
				PRODUCT_NAME = "$(TARGET_NAME)";
				SWIFT_VERSION = 4.0;
				TARGETED_DEVICE_FAMILY = "1,2";
				TEST_TARGET_NAME = SizeClasses;
			};
			name = Debug;
		};
		3D611D20230745B100BC8041 /* Release */ = {
			isa = XCBuildConfiguration;
			buildSettings = {
				ALWAYS_EMBED_SWIFT_STANDARD_LIBRARIES = YES;
				CODE_SIGN_STYLE = Automatic;
				INFOPLIST_FILE = SizeClassesUITests/Info.plist;
				LD_RUNPATH_SEARCH_PATHS = (
					"$(inherited)",
					"@executable_path/Frameworks",
					"@loader_path/Frameworks",
				);
				PRODUCT_BUNDLE_IDENTIFIER = edu.ulsa.SizeClassesUITests;
				PRODUCT_NAME = "$(TARGET_NAME)";
				SWIFT_VERSION = 4.0;
				TARGETED_DEVICE_FAMILY = "1,2";
				TEST_TARGET_NAME = SizeClasses;
			};
			name = Release;
		};
/* End XCBuildConfiguration section */

/* Begin XCConfigurationList section */
		3D611CEB230745AF00BC8041 /* Build configuration list for PBXProject "SizeClasses" */ = {
			isa = XCConfigurationList;
			buildConfigurations = (
				3D611D16230745B100BC8041 /* Debug */,
				3D611D17230745B100BC8041 /* Release */,
			);
			defaultConfigurationIsVisible = 0;
			defaultConfigurationName = Release;
		};
		3D611D18230745B100BC8041 /* Build configuration list for PBXNativeTarget "SizeClasses" */ = {
			isa = XCConfigurationList;
			buildConfigurations = (
				3D611D19230745B100BC8041 /* Debug */,
				3D611D1A230745B100BC8041 /* Release */,
			);
			defaultConfigurationIsVisible = 0;
			defaultConfigurationName = Release;
		};
		3D611D1B230745B100BC8041 /* Build configuration list for PBXNativeTarget "SizeClassesTests" */ = {
			isa = XCConfigurationList;
			buildConfigurations = (
				3D611D1C230745B100BC8041 /* Debug */,
				3D611D1D230745B100BC8041 /* Release */,
			);
			defaultConfigurationIsVisible = 0;
			defaultConfigurationName = Release;
		};
		3D611D1E230745B100BC8041 /* Build configuration list for PBXNativeTarget "SizeClassesUITests" */ = {
			isa = XCConfigurationList;
			buildConfigurations = (
				3D611D1F230745B100BC8041 /* Debug */,
				3D611D20230745B100BC8041 /* Release */,
			);
			defaultConfigurationIsVisible = 0;
			defaultConfigurationName = Release;
		};
/* End XCConfigurationList section */
	};
	rootObject = 3D611CE8230745AF00BC8041 /* Project object */;
}
